// !$*UTF8*$!
{
	archiveVersion = 1;
	classes = {
	};
	objectVersion = 56;
	objects = {

/* Begin PBXBuildFile section */
		F73D98BD2A7711B900BA1508 /* SceneDelegate.swift in Sources */ = {isa = PBXBuildFile; fileRef = F73D98BC2A7711B900BA1508 /* SceneDelegate.swift */; };
		F75B582A2A758CE500644234 /* AppDelegate.swift in Sources */ = {isa = PBXBuildFile; fileRef = F75B58292A758CE500644234 /* AppDelegate.swift */; };
		F75B582E2A758CE500644234 /* LoginViewController.swift in Sources */ = {isa = PBXBuildFile; fileRef = F75B582D2A758CE500644234 /* LoginViewController.swift */; };
		F75B58312A758CE500644234 /* Main.storyboard in Resources */ = {isa = PBXBuildFile; fileRef = F75B582F2A758CE500644234 /* Main.storyboard */; };
		F75B58332A758CE600644234 /* Assets.xcassets in Resources */ = {isa = PBXBuildFile; fileRef = F75B58322A758CE600644234 /* Assets.xcassets */; };
		F75B58362A758CE600644234 /* LaunchScreen.storyboard in Resources */ = {isa = PBXBuildFile; fileRef = F75B58342A758CE600644234 /* LaunchScreen.storyboard */; };
		F75B583E2A758E8E00644234 /* PortfoyViewController.swift in Sources */ = {isa = PBXBuildFile; fileRef = F75B583D2A758E8E00644234 /* PortfoyViewController.swift */; };
		F75B58402A758F4000644234 /* Stock.swift in Sources */ = {isa = PBXBuildFile; fileRef = F75B583F2A758F4000644234 /* Stock.swift */; };
		F75B58442A75EB4400644234 /* Global.swift in Sources */ = {isa = PBXBuildFile; fileRef = F75B58432A75EB4400644234 /* Global.swift */; };
		F75B58462A75F90400644234 /* PortfoyTableViewCell.swift in Sources */ = {isa = PBXBuildFile; fileRef = F75B58452A75F90400644234 /* PortfoyTableViewCell.swift */; };
/* End PBXBuildFile section */

/* Begin PBXFileReference section */
		F73D98BC2A7711B900BA1508 /* SceneDelegate.swift */ = {isa = PBXFileReference; fileEncoding = 4; lastKnownFileType = sourcecode.swift; path = SceneDelegate.swift; sourceTree = "<group>"; };
		F75B58262A758CE500644234 /* TraderrApp.app */ = {isa = PBXFileReference; explicitFileType = wrapper.application; includeInIndex = 0; path = TraderrApp.app; sourceTree = BUILT_PRODUCTS_DIR; };
		F75B58292A758CE500644234 /* AppDelegate.swift */ = {isa = PBXFileReference; lastKnownFileType = sourcecode.swift; path = AppDelegate.swift; sourceTree = "<group>"; };
		F75B582D2A758CE500644234 /* LoginViewController.swift */ = {isa = PBXFileReference; lastKnownFileType = sourcecode.swift; path = LoginViewController.swift; sourceTree = "<group>"; };
		F75B58302A758CE500644234 /* Base */ = {isa = PBXFileReference; lastKnownFileType = file.storyboard; name = Base; path = Base.lproj/Main.storyboard; sourceTree = "<group>"; };
		F75B58322A758CE600644234 /* Assets.xcassets */ = {isa = PBXFileReference; lastKnownFileType = folder.assetcatalog; path = Assets.xcassets; sourceTree = "<group>"; };
		F75B58352A758CE600644234 /* Base */ = {isa = PBXFileReference; lastKnownFileType = file.storyboard; name = Base; path = Base.lproj/LaunchScreen.storyboard; sourceTree = "<group>"; };
		F75B58372A758CE600644234 /* Info.plist */ = {isa = PBXFileReference; lastKnownFileType = text.plist.xml; path = Info.plist; sourceTree = "<group>"; };
		F75B583D2A758E8E00644234 /* PortfoyViewController.swift */ = {isa = PBXFileReference; lastKnownFileType = sourcecode.swift; path = PortfoyViewController.swift; sourceTree = "<group>"; };
		F75B583F2A758F4000644234 /* Stock.swift */ = {isa = PBXFileReference; lastKnownFileType = sourcecode.swift; path = Stock.swift; sourceTree = "<group>"; };
		F75B58432A75EB4400644234 /* Global.swift */ = {isa = PBXFileReference; lastKnownFileType = sourcecode.swift; path = Global.swift; sourceTree = "<group>"; };
		F75B58452A75F90400644234 /* PortfoyTableViewCell.swift */ = {isa = PBXFileReference; lastKnownFileType = sourcecode.swift; path = PortfoyTableViewCell.swift; sourceTree = "<group>"; };
/* End PBXFileReference section */

/* Begin PBXFrameworksBuildPhase section */
		F75B58232A758CE500644234 /* Frameworks */ = {
			isa = PBXFrameworksBuildPhase;
			buildActionMask = 2147483647;
			files = (
			);
			runOnlyForDeploymentPostprocessing = 0;
		};
/* End PBXFrameworksBuildPhase section */

/* Begin PBXGroup section */
		F75B581D2A758CE500644234 = {
			isa = PBXGroup;
			children = (
				F75B58282A758CE500644234 /* TraderrApp */,
				F75B58272A758CE500644234 /* Products */,
			);
			sourceTree = "<group>";
		};
		F75B58272A758CE500644234 /* Products */ = {
			isa = PBXGroup;
			children = (
				F75B58262A758CE500644234 /* TraderrApp.app */,
			);
			name = Products;
			sourceTree = "<group>";
		};
		F75B58282A758CE500644234 /* TraderrApp */ = {
			isa = PBXGroup;
			children = (
				F73D98BC2A7711B900BA1508 /* SceneDelegate.swift */,
				F75B58292A758CE500644234 /* AppDelegate.swift */,
				F75B582D2A758CE500644234 /* LoginViewController.swift */,
				F75B582F2A758CE500644234 /* Main.storyboard */,
				F75B58322A758CE600644234 /* Assets.xcassets */,
				F75B58342A758CE600644234 /* LaunchScreen.storyboard */,
				F75B58372A758CE600644234 /* Info.plist */,
				F75B583D2A758E8E00644234 /* PortfoyViewController.swift */,
				F75B583F2A758F4000644234 /* Stock.swift */,
				F75B58432A75EB4400644234 /* Global.swift */,
				F75B58452A75F90400644234 /* PortfoyTableViewCell.swift */,
			);
			path = TraderrApp;
			sourceTree = "<group>";
		};
/* End PBXGroup section */

/* Begin PBXNativeTarget section */
		F75B58252A758CE500644234 /* TraderrApp */ = {
			isa = PBXNativeTarget;
			buildConfigurationList = F75B583A2A758CE600644234 /* Build configuration list for PBXNativeTarget "TraderrApp" */;
			buildPhases = (
				F75B58222A758CE500644234 /* Sources */,
				F75B58232A758CE500644234 /* Frameworks */,
				F75B58242A758CE500644234 /* Resources */,
			);
			buildRules = (
			);
			dependencies = (
			);
			name = TraderrApp;
			productName = TraderrApp;
			productReference = F75B58262A758CE500644234 /* TraderrApp.app */;
			productType = "com.apple.product-type.application";
		};
/* End PBXNativeTarget section */

/* Begin PBXProject section */
		F75B581E2A758CE500644234 /* Project object */ = {
			isa = PBXProject;
			attributes = {
				BuildIndependentTargetsInParallel = 1;
				LastSwiftUpdateCheck = 1400;
				LastUpgradeCheck = 1400;
				TargetAttributes = {
					F75B58252A758CE500644234 = {
						CreatedOnToolsVersion = 14.0.1;
					};
				};
			};
			buildConfigurationList = F75B58212A758CE500644234 /* Build configuration list for PBXProject "TraderrApp" */;
			compatibilityVersion = "Xcode 14.0";
			developmentRegion = en;
			hasScannedForEncodings = 0;
			knownRegions = (
				en,
				Base,
			);
			mainGroup = F75B581D2A758CE500644234;
			productRefGroup = F75B58272A758CE500644234 /* Products */;
			projectDirPath = "";
			projectRoot = "";
			targets = (
				F75B58252A758CE500644234 /* TraderrApp */,
			);
		};
/* End PBXProject section */

/* Begin PBXResourcesBuildPhase section */
		F75B58242A758CE500644234 /* Resources */ = {
			isa = PBXResourcesBuildPhase;
			buildActionMask = 2147483647;
			files = (
				F75B58362A758CE600644234 /* LaunchScreen.storyboard in Resources */,
				F75B58332A758CE600644234 /* Assets.xcassets in Resources */,
				F75B58312A758CE500644234 /* Main.storyboard in Resources */,
			);
			runOnlyForDeploymentPostprocessing = 0;
		};
/* End PBXResourcesBuildPhase section */

/* Begin PBXSourcesBuildPhase section */
		F75B58222A758CE500644234 /* Sources */ = {
			isa = PBXSourcesBuildPhase;
			buildActionMask = 2147483647;
			files = (
				F75B583E2A758E8E00644234 /* PortfoyViewController.swift in Sources */,
				F73D98BD2A7711B900BA1508 /* SceneDelegate.swift in Sources */,
				F75B582E2A758CE500644234 /* LoginViewController.swift in Sources */,
				F75B58442A75EB4400644234 /* Global.swift in Sources */,
				F75B58462A75F90400644234 /* PortfoyTableViewCell.swift in Sources */,
				F75B582A2A758CE500644234 /* AppDelegate.swift in Sources */,
				F75B58402A758F4000644234 /* Stock.swift in Sources */,
			);
			runOnlyForDeploymentPostprocessing = 0;
		};
/* End PBXSourcesBuildPhase section */

/* Begin PBXVariantGroup section */
		F75B582F2A758CE500644234 /* Main.storyboard */ = {
			isa = PBXVariantGroup;
			children = (
				F75B58302A758CE500644234 /* Base */,
			);
			name = Main.storyboard;
			sourceTree = "<group>";
		};
		F75B58342A758CE600644234 /* LaunchScreen.storyboard */ = {
			isa = PBXVariantGroup;
			children = (
				F75B58352A758CE600644234 /* Base */,
			);
			name = LaunchScreen.storyboard;
			sourceTree = "<group>";
		};
/* End PBXVariantGroup section */

/* Begin XCBuildConfiguration section */
		F75B58382A758CE600644234 /* Debug */ = {
			isa = XCBuildConfiguration;
			buildSettings = {
				ALWAYS_SEARCH_USER_PATHS = NO;
				CLANG_ANALYZER_NONNULL = YES;
				CLANG_ANALYZER_NUMBER_OBJECT_CONVERSION = YES_AGGRESSIVE;
				CLANG_CXX_LANGUAGE_STANDARD = "gnu++20";
				CLANG_ENABLE_MODULES = YES;
				CLANG_ENABLE_OBJC_ARC = YES;
				CLANG_ENABLE_OBJC_WEAK = YES;
				CLANG_WARN_BLOCK_CAPTURE_AUTORELEASING = YES;
				CLANG_WARN_BOOL_CONVERSION = YES;
				CLANG_WARN_COMMA = YES;
				CLANG_WARN_CONSTANT_CONVERSION = YES;
				CLANG_WARN_DEPRECATED_OBJC_IMPLEMENTATIONS = YES;
				CLANG_WARN_DIRECT_OBJC_ISA_USAGE = YES_ERROR;
				CLANG_WARN_DOCUMENTATION_COMMENTS = YES;
				CLANG_WARN_EMPTY_BODY = YES;
				CLANG_WARN_ENUM_CONVERSION = YES;
				CLANG_WARN_INFINITE_RECURSION = YES;
				CLANG_WARN_INT_CONVERSION = YES;
				CLANG_WARN_NON_LITERAL_NULL_CONVERSION = YES;
				CLANG_WARN_OBJC_IMPLICIT_RETAIN_SELF = YES;
				CLANG_WARN_OBJC_LITERAL_CONVERSION = YES;
				CLANG_WARN_OBJC_ROOT_CLASS = YES_ERROR;
				CLANG_WARN_QUOTED_INCLUDE_IN_FRAMEWORK_HEADER = YES;
				CLANG_WARN_RANGE_LOOP_ANALYSIS = YES;
				CLANG_WARN_STRICT_PROTOTYPES = YES;
				CLANG_WARN_SUSPICIOUS_MOVE = YES;
				CLANG_WARN_UNGUARDED_AVAILABILITY = YES_AGGRESSIVE;
				CLANG_WARN_UNREACHABLE_CODE = YES;
				CLANG_WARN__DUPLICATE_METHOD_MATCH = YES;
				COPY_PHASE_STRIP = NO;
				DEBUG_INFORMATION_FORMAT = dwarf;
				ENABLE_STRICT_OBJC_MSGSEND = YES;
				ENABLE_TESTABILITY = YES;
				GCC_C_LANGUAGE_STANDARD = gnu11;
				GCC_DYNAMIC_NO_PIC = NO;
				GCC_NO_COMMON_BLOCKS = YES;
				GCC_OPTIMIZATION_LEVEL = 0;
				GCC_PREPROCESSOR_DEFINITIONS = (
					"DEBUG=1",
					"$(inherited)",
				);
				GCC_WARN_64_TO_32_BIT_CONVERSION = YES;
				GCC_WARN_ABOUT_RETURN_TYPE = YES_ERROR;
				GCC_WARN_UNDECLARED_SELECTOR = YES;
				GCC_WARN_UNINITIALIZED_AUTOS = YES_AGGRESSIVE;
				GCC_WARN_UNUSED_FUNCTION = YES;
				GCC_WARN_UNUSED_VARIABLE = YES;
				IPHONEOS_DEPLOYMENT_TARGET = 16.0;
				MTL_ENABLE_DEBUG_INFO = INCLUDE_SOURCE;
				MTL_FAST_MATH = YES;
				ONLY_ACTIVE_ARCH = YES;
				SDKROOT = iphoneos;
				SWIFT_ACTIVE_COMPILATION_CONDITIONS = DEBUG;
				SWIFT_OPTIMIZATION_LEVEL = "-Onone";
			};
			name = Debug;
		};
		F75B58392A758CE600644234 /* Release */ = {
			isa = XCBuildConfiguration;
			buildSettings = {
				ALWAYS_SEARCH_USER_PATHS = NO;
				CLANG_ANALYZER_NONNULL = YES;
				CLANG_ANALYZER_NUMBER_OBJECT_CONVERSION = YES_AGGRESSIVE;
				CLANG_CXX_LANGUAGE_STANDARD = "gnu++20";
				CLANG_ENABLE_MODULES = YES;
				CLANG_ENABLE_OBJC_ARC = YES;
				CLANG_ENABLE_OBJC_WEAK = YES;
				CLANG_WARN_BLOCK_CAPTURE_AUTORELEASING = YES;
				CLANG_WARN_BOOL_CONVERSION = YES;
				CLANG_WARN_COMMA = YES;
				CLANG_WARN_CONSTANT_CONVERSION = YES;
				CLANG_WARN_DEPRECATED_OBJC_IMPLEMENTATIONS = YES;
				CLANG_WARN_DIRECT_OBJC_ISA_USAGE = YES_ERROR;
				CLANG_WARN_DOCUMENTATION_COMMENTS = YES;
				CLANG_WARN_EMPTY_BODY = YES;
				CLANG_WARN_ENUM_CONVERSION = YES;
				CLANG_WARN_INFINITE_RECURSION = YES;
				CLANG_WARN_INT_CONVERSION = YES;
				CLANG_WARN_NON_LITERAL_NULL_CONVERSION = YES;
				CLANG_WARN_OBJC_IMPLICIT_RETAIN_SELF = YES;
				CLANG_WARN_OBJC_LITERAL_CONVERSION = YES;
				CLANG_WARN_OBJC_ROOT_CLASS = YES_ERROR;
				CLANG_WARN_QUOTED_INCLUDE_IN_FRAMEWORK_HEADER = YES;
				CLANG_WARN_RANGE_LOOP_ANALYSIS = YES;
				CLANG_WARN_STRICT_PROTOTYPES = YES;
				CLANG_WARN_SUSPICIOUS_MOVE = YES;
				CLANG_WARN_UNGUARDED_AVAILABILITY = YES_AGGRESSIVE;
				CLANG_WARN_UNREACHABLE_CODE = YES;
				CLANG_WARN__DUPLICATE_METHOD_MATCH = YES;
				COPY_PHASE_STRIP = NO;
				DEBUG_INFORMATION_FORMAT = "dwarf-with-dsym";
				ENABLE_NS_ASSERTIONS = NO;
				ENABLE_STRICT_OBJC_MSGSEND = YES;
				GCC_C_LANGUAGE_STANDARD = gnu11;
				GCC_NO_COMMON_BLOCKS = YES;
				GCC_WARN_64_TO_32_BIT_CONVERSION = YES;
				GCC_WARN_ABOUT_RETURN_TYPE = YES_ERROR;
				GCC_WARN_UNDECLARED_SELECTOR = YES;
				GCC_WARN_UNINITIALIZED_AUTOS = YES_AGGRESSIVE;
				GCC_WARN_UNUSED_FUNCTION = YES;
				GCC_WARN_UNUSED_VARIABLE = YES;
				IPHONEOS_DEPLOYMENT_TARGET = 16.0;
				MTL_ENABLE_DEBUG_INFO = NO;
				MTL_FAST_MATH = YES;
				SDKROOT = iphoneos;
				SWIFT_COMPILATION_MODE = wholemodule;
				SWIFT_OPTIMIZATION_LEVEL = "-O";
				VALIDATE_PRODUCT = YES;
			};
			name = Release;
		};
		F75B583B2A758CE600644234 /* Debug */ = {
			isa = XCBuildConfiguration;
			buildSettings = {
				ASSETCATALOG_COMPILER_APPICON_NAME = AppIcon;
				ASSETCATALOG_COMPILER_GLOBAL_ACCENT_COLOR_NAME = AccentColor;
				CODE_SIGN_STYLE = Automatic;
				CURRENT_PROJECT_VERSION = 1;
				DEVELOPMENT_TEAM = U8L93M8G28;
				GENERATE_INFOPLIST_FILE = YES;
				INFOPLIST_FILE = TraderrApp/Info.plist;
				INFOPLIST_KEY_UIApplicationSupportsIndirectInputEvents = YES;
				INFOPLIST_KEY_UILaunchStoryboardName = LaunchScreen;
				INFOPLIST_KEY_UIMainStoryboardFile = Main;
				INFOPLIST_KEY_UISupportedInterfaceOrientations_iPad = "UIInterfaceOrientationPortrait UIInterfaceOrientationPortraitUpsideDown UIInterfaceOrientationLandscapeLeft UIInterfaceOrientationLandscapeRight";
				INFOPLIST_KEY_UISupportedInterfaceOrientations_iPhone = "UIInterfaceOrientationPortrait UIInterfaceOrientationLandscapeLeft UIInterfaceOrientationLandscapeRight";
				IPHONEOS_DEPLOYMENT_TARGET = 13.0;
				LD_RUNPATH_SEARCH_PATHS = (
					"$(inherited)",
					"@executable_path/Frameworks",
				);
				MARKETING_VERSION = 1.0;
				PRODUCT_BUNDLE_IDENTIFIER = com.kizilay.TraderrApp;
				PRODUCT_NAME = "$(TARGET_NAME)";
				SWIFT_EMIT_LOC_STRINGS = YES;
				SWIFT_VERSION = 5.0;
				TARGETED_DEVICE_FAMILY = "1,2";
			};
			name = Debug;
		};
		F75B583C2A758CE600644234 /* Release */ = {
			isa = XCBuildConfiguration;
			buildSettings = {
				ASSETCATALOG_COMPILER_APPICON_NAME = AppIcon;
				ASSETCATALOG_COMPILER_GLOBAL_ACCENT_COLOR_NAME = AccentColor;
				CODE_SIGN_STYLE = Automatic;
				CURRENT_PROJECT_VERSION = 1;
				DEVELOPMENT_TEAM = U8L93M8G28;
				GENERATE_INFOPLIST_FILE = YES;
				INFOPLIST_FILE = TraderrApp/Info.plist;
				INFOPLIST_KEY_UIApplicationSupportsIndirectInputEvents = YES;
				INFOPLIST_KEY_UILaunchStoryboardName = LaunchScreen;
				INFOPLIST_KEY_UIMainStoryboardFile = Main;
				INFOPLIST_KEY_UISupportedInterfaceOrientations_iPad = "UIInterfaceOrientationPortrait UIInterfaceOrientationPortraitUpsideDown UIInterfaceOrientationLandscapeLeft UIInterfaceOrientationLandscapeRight";
				INFOPLIST_KEY_UISupportedInterfaceOrientations_iPhone = "UIInterfaceOrientationPortrait UIInterfaceOrientationLandscapeLeft UIInterfaceOrientationLandscapeRight";
				IPHONEOS_DEPLOYMENT_TARGET = 13.0;
				LD_RUNPATH_SEARCH_PATHS = (
					"$(inherited)",
					"@executable_path/Frameworks",
				);
				MARKETING_VERSION = 1.0;
				PRODUCT_BUNDLE_IDENTIFIER = com.kizilay.TraderrApp;
				PRODUCT_NAME = "$(TARGET_NAME)";
				SWIFT_EMIT_LOC_STRINGS = YES;
				SWIFT_VERSION = 5.0;
				TARGETED_DEVICE_FAMILY = "1,2";
			};
			name = Release;
		};
/* End XCBuildConfiguration section */

/* Begin XCConfigurationList section */
		F75B58212A758CE500644234 /* Build configuration list for PBXProject "TraderrApp" */ = {
			isa = XCConfigurationList;
			buildConfigurations = (
				F75B58382A758CE600644234 /* Debug */,
				F75B58392A758CE600644234 /* Release */,
			);
			defaultConfigurationIsVisible = 0;
			defaultConfigurationName = Release;
		};
		F75B583A2A758CE600644234 /* Build configuration list for PBXNativeTarget "TraderrApp" */ = {
			isa = XCConfigurationList;
			buildConfigurations = (
				F75B583B2A758CE600644234 /* Debug */,
				F75B583C2A758CE600644234 /* Release */,
			);
			defaultConfigurationIsVisible = 0;
			defaultConfigurationName = Release;
		};
/* End XCConfigurationList section */
	};
	rootObject = F75B581E2A758CE500644234 /* Project object */;
}
